
Microsoft Visual Studio Solution File, Format Version 12.00
# Visual Studio Version 17
VisualStudioVersion = 17.5.33516.290
MinimumVisualStudioVersion = 10.0.40219.1
Project("{9A19103F-16F7-4668-BE54-9A1E7A4F7556}") = "Tests", "Tests\Tests.csproj", "{0838798A-0866-4CA3-B23E-F82D990E6B98}"
EndProject
Project("{9A19103F-16F7-4668-BE54-9A1E7A4F7556}") = "ProvaPub", "Api\ProvaPub.csproj", "{5D620ABD-7B65-4641-AC3E-5391F6530B7A}"
EndProject
Global
	GlobalSection(SolutionConfigurationPlatforms) = preSolution
		Debug|Any CPU = Debug|Any CPU
		Release|Any CPU = Release|Any CPU
	EndGlobalSection
	GlobalSection(ProjectConfigurationPlatforms) = postSolution
		{0838798A-0866-4CA3-B23E-F82D990E6B98}.Debug|Any CPU.ActiveCfg = Debug|Any CPU
		{0838798A-0866-4CA3-B23E-F82D990E6B98}.Debug|Any CPU.Build.0 = Debug|Any CPU
		{0838798A-0866-4CA3-B23E-F82D990E6B98}.Release|Any CPU.ActiveCfg = Release|Any CPU
		{0838798A-0866-4CA3-B23E-F82D990E6B98}.Release|Any CPU.Build.0 = Release|Any CPU
		{5D620ABD-7B65-4641-AC3E-5391F6530B7A}.Debug|Any CPU.ActiveCfg = Debug|Any CPU
		{5D620ABD-7B65-4641-AC3E-5391F6530B7A}.Debug|Any CPU.Build.0 = Debug|Any CPU
		{5D620ABD-7B65-4641-AC3E-5391F6530B7A}.Release|Any CPU.ActiveCfg = Release|Any CPU
		{5D620ABD-7B65-4641-AC3E-5391F6530B7A}.Release|Any CPU.Build.0 = Release|Any CPU
	EndGlobalSection
	GlobalSection(SolutionProperties) = preSolution
		HideSolutionNode = FALSE
	EndGlobalSection
	GlobalSection(ExtensibilityGlobals) = postSolution
		SolutionGuid = {508154CE-59FC-48C4-A288-C3D88E9607FE}
	EndGlobalSection
EndGlobal
